// !$*UTF8*$!
{
	archiveVersion = 1;
	classes = {
	};
	objectVersion = 50;
	objects = {

/* Begin PBXBuildFile section */
		86076C59219D17990071E0FF /* icon1-60pt@3x.png in Resources */ = {isa = PBXBuildFile; fileRef = 86076C57219D17990071E0FF /* icon1-60pt@3x.png */; };
		86076C5A219D17990071E0FF /* icon1-60pt@2x.png in Resources */ = {isa = PBXBuildFile; fileRef = 86076C58219D17990071E0FF /* icon1-60pt@2x.png */; };
		86076C5D219D17EB0071E0FF /* icon2-60pt@2x.png in Resources */ = {isa = PBXBuildFile; fileRef = 86076C5B219D17EB0071E0FF /* icon2-60pt@2x.png */; };
		86076C5E219D17EB0071E0FF /* icon2-60pt@3x.png in Resources */ = {isa = PBXBuildFile; fileRef = 86076C5C219D17EB0071E0FF /* icon2-60pt@3x.png */; };
		86076C61219D18450071E0FF /* icon1-76pt@1x.png in Resources */ = {isa = PBXBuildFile; fileRef = 86076C5F219D18450071E0FF /* icon1-76pt@1x.png */; };
		86076C62219D18450071E0FF /* icon1-76pt@2x.png in Resources */ = {isa = PBXBuildFile; fileRef = 86076C60219D18450071E0FF /* icon1-76pt@2x.png */; };
		86076C64219D18740071E0FF /* icon1-83.5pt@2x.png in Resources */ = {isa = PBXBuildFile; fileRef = 86076C63219D18740071E0FF /* icon1-83.5pt@2x.png */; };
		86076C67219D18C20071E0FF /* icon2-76pt@2x.png in Resources */ = {isa = PBXBuildFile; fileRef = 86076C65219D18C20071E0FF /* icon2-76pt@2x.png */; };
		86076C68219D18C20071E0FF /* icon2-76pt@1x.png in Resources */ = {isa = PBXBuildFile; fileRef = 86076C66219D18C20071E0FF /* icon2-76pt@1x.png */; };
		86076C6A219D18E60071E0FF /* icon2-83.5pt@2x.png in Resources */ = {isa = PBXBuildFile; fileRef = 86076C69219D18E60071E0FF /* icon2-83.5pt@2x.png */; };
		8612EEF4216A8FFC005A3286 /* GroupViewModel.swift in Sources */ = {isa = PBXBuildFile; fileRef = 8612EEF3216A8FFC005A3286 /* GroupViewModel.swift */; };
		8616DB1D2195281B007044D8 /* Theme.swift in Sources */ = {isa = PBXBuildFile; fileRef = 8616DB1C2195281B007044D8 /* Theme.swift */; };
		8616DB1F21952A5E007044D8 /* SettingsViewController.swift in Sources */ = {isa = PBXBuildFile; fileRef = 8616DB1E21952A5E007044D8 /* SettingsViewController.swift */; };
		862D44172196AE2900AF57A4 /* SplitViewController.swift in Sources */ = {isa = PBXBuildFile; fileRef = 862D44162196AE2900AF57A4 /* SplitViewController.swift */; };
		864126E2216F060A0016BECD /* LocationViewModel.swift in Sources */ = {isa = PBXBuildFile; fileRef = 864126E1216F060A0016BECD /* LocationViewModel.swift */; };
		866C0EA6217620ED00036649 /* LinkViewModel.swift in Sources */ = {isa = PBXBuildFile; fileRef = 866C0EA5217620ED00036649 /* LinkViewModel.swift */; };
		867DF35D212CF6A300991CB3 /* AppDelegate.swift in Sources */ = {isa = PBXBuildFile; fileRef = 867DF35C212CF6A300991CB3 /* AppDelegate.swift */; };
		867DF362212CF6A300991CB3 /* Main.storyboard in Resources */ = {isa = PBXBuildFile; fileRef = 867DF360212CF6A300991CB3 /* Main.storyboard */; };
		867DF367212CF6A300991CB3 /* LaunchScreen.storyboard in Resources */ = {isa = PBXBuildFile; fileRef = 867DF365212CF6A300991CB3 /* LaunchScreen.storyboard */; };
		867DF371212CF86C00991CB3 /* GroupViewController.swift in Sources */ = {isa = PBXBuildFile; fileRef = 867DF370212CF86C00991CB3 /* GroupViewController.swift */; };
		8684972E216EBF1A00FFA599 /* GroupsViewController.swift in Sources */ = {isa = PBXBuildFile; fileRef = 8684972D216EBF1A00FFA599 /* GroupsViewController.swift */; };
		86849730216EC32600FFA599 /* LocationTableViewCell.swift in Sources */ = {isa = PBXBuildFile; fileRef = 8684972F216EC32600FFA599 /* LocationTableViewCell.swift */; };
		86849733216ED0DC00FFA599 /* Location.swift in Sources */ = {isa = PBXBuildFile; fileRef = 86849732216ED0DC00FFA599 /* Location.swift */; };
		869FEC35217246ED00CA60FC /* BannerTableViewCell.swift in Sources */ = {isa = PBXBuildFile; fileRef = 869FEC34217246ED00CA60FC /* BannerTableViewCell.swift */; };
		86AC41BC21334447002E73E5 /* Group.swift in Sources */ = {isa = PBXBuildFile; fileRef = 86AC41BB21334447002E73E5 /* Group.swift */; };
		86AC41BE21334481002E73E5 /* Organizer.swift in Sources */ = {isa = PBXBuildFile; fileRef = 86AC41BD21334481002E73E5 /* Organizer.swift */; };
		86AC41C021334ACF002E73E5 /* knoxdevs.db in Resources */ = {isa = PBXBuildFile; fileRef = 86AC41BF21334ACF002E73E5 /* knoxdevs.db */; };
		86AC41C621334D1D002E73E5 /* SQLiteDatabase.swift in Sources */ = {isa = PBXBuildFile; fileRef = 86AC41C521334D1D002E73E5 /* SQLiteDatabase.swift */; };
		86F471EF2182C04700912739 /* AboutViewController.swift in Sources */ = {isa = PBXBuildFile; fileRef = 86F471EE2182C04700912739 /* AboutViewController.swift */; };
		86FECC4F2173898900682BD0 /* OrganizerTableViewCell.swift in Sources */ = {isa = PBXBuildFile; fileRef = 86FECC4E2173898900682BD0 /* OrganizerTableViewCell.swift */; };
		86FECC5121738D7300682BD0 /* OrganizerViewModel.swift in Sources */ = {isa = PBXBuildFile; fileRef = 86FECC5021738D7300682BD0 /* OrganizerViewModel.swift */; };
		86FECC562173C2ED00682BD0 /* Assets.xcassets in Resources */ = {isa = PBXBuildFile; fileRef = 86FECC542173C2EC00682BD0 /* Assets.xcassets */; };
/* End PBXBuildFile section */

/* Begin PBXFileReference section */
		86076C57219D17990071E0FF /* icon1-60pt@3x.png */ = {isa = PBXFileReference; lastKnownFileType = image.png; path = "icon1-60pt@3x.png"; sourceTree = "<group>"; };
		86076C58219D17990071E0FF /* icon1-60pt@2x.png */ = {isa = PBXFileReference; lastKnownFileType = image.png; path = "icon1-60pt@2x.png"; sourceTree = "<group>"; };
		86076C5B219D17EB0071E0FF /* icon2-60pt@2x.png */ = {isa = PBXFileReference; lastKnownFileType = image.png; path = "icon2-60pt@2x.png"; sourceTree = "<group>"; };
		86076C5C219D17EB0071E0FF /* icon2-60pt@3x.png */ = {isa = PBXFileReference; lastKnownFileType = image.png; path = "icon2-60pt@3x.png"; sourceTree = "<group>"; };
		86076C5F219D18450071E0FF /* icon1-76pt@1x.png */ = {isa = PBXFileReference; lastKnownFileType = image.png; path = "icon1-76pt@1x.png"; sourceTree = "<group>"; };
		86076C60219D18450071E0FF /* icon1-76pt@2x.png */ = {isa = PBXFileReference; lastKnownFileType = image.png; path = "icon1-76pt@2x.png"; sourceTree = "<group>"; };
		86076C63219D18740071E0FF /* icon1-83.5pt@2x.png */ = {isa = PBXFileReference; lastKnownFileType = image.png; path = "icon1-83.5pt@2x.png"; sourceTree = "<group>"; };
		86076C65219D18C20071E0FF /* icon2-76pt@2x.png */ = {isa = PBXFileReference; lastKnownFileType = image.png; path = "icon2-76pt@2x.png"; sourceTree = "<group>"; };
		86076C66219D18C20071E0FF /* icon2-76pt@1x.png */ = {isa = PBXFileReference; lastKnownFileType = image.png; path = "icon2-76pt@1x.png"; sourceTree = "<group>"; };
		86076C69219D18E60071E0FF /* icon2-83.5pt@2x.png */ = {isa = PBXFileReference; lastKnownFileType = image.png; path = "icon2-83.5pt@2x.png"; sourceTree = "<group>"; };
		8612EEF3216A8FFC005A3286 /* GroupViewModel.swift */ = {isa = PBXFileReference; lastKnownFileType = sourcecode.swift; path = GroupViewModel.swift; sourceTree = "<group>"; };
		8616DB1C2195281B007044D8 /* Theme.swift */ = {isa = PBXFileReference; fileEncoding = 4; lastKnownFileType = sourcecode.swift; path = Theme.swift; sourceTree = "<group>"; };
		8616DB1E21952A5E007044D8 /* SettingsViewController.swift */ = {isa = PBXFileReference; lastKnownFileType = sourcecode.swift; path = SettingsViewController.swift; sourceTree = "<group>"; };
		862D44162196AE2900AF57A4 /* SplitViewController.swift */ = {isa = PBXFileReference; lastKnownFileType = sourcecode.swift; path = SplitViewController.swift; sourceTree = "<group>"; };
		864126E1216F060A0016BECD /* LocationViewModel.swift */ = {isa = PBXFileReference; lastKnownFileType = sourcecode.swift; path = LocationViewModel.swift; sourceTree = "<group>"; };
		866C0EA5217620ED00036649 /* LinkViewModel.swift */ = {isa = PBXFileReference; lastKnownFileType = sourcecode.swift; path = LinkViewModel.swift; sourceTree = "<group>"; };
		867DF359212CF6A300991CB3 /* knoxdevs.app */ = {isa = PBXFileReference; explicitFileType = wrapper.application; includeInIndex = 0; path = knoxdevs.app; sourceTree = BUILT_PRODUCTS_DIR; };
		867DF35C212CF6A300991CB3 /* AppDelegate.swift */ = {isa = PBXFileReference; lastKnownFileType = sourcecode.swift; path = AppDelegate.swift; sourceTree = "<group>"; };
		867DF361212CF6A300991CB3 /* Base */ = {isa = PBXFileReference; lastKnownFileType = file.storyboard; name = Base; path = Base.lproj/Main.storyboard; sourceTree = "<group>"; };
		867DF366212CF6A300991CB3 /* Base */ = {isa = PBXFileReference; lastKnownFileType = file.storyboard; name = Base; path = Base.lproj/LaunchScreen.storyboard; sourceTree = "<group>"; };
		867DF368212CF6A300991CB3 /* Info.plist */ = {isa = PBXFileReference; lastKnownFileType = text.plist.xml; path = Info.plist; sourceTree = "<group>"; };
		867DF370212CF86C00991CB3 /* GroupViewController.swift */ = {isa = PBXFileReference; lastKnownFileType = sourcecode.swift; path = GroupViewController.swift; sourceTree = "<group>"; };
		8684972D216EBF1A00FFA599 /* GroupsViewController.swift */ = {isa = PBXFileReference; lastKnownFileType = sourcecode.swift; path = GroupsViewController.swift; sourceTree = "<group>"; };
		8684972F216EC32600FFA599 /* LocationTableViewCell.swift */ = {isa = PBXFileReference; lastKnownFileType = sourcecode.swift; path = LocationTableViewCell.swift; sourceTree = "<group>"; };
		86849732216ED0DC00FFA599 /* Location.swift */ = {isa = PBXFileReference; lastKnownFileType = sourcecode.swift; path = Location.swift; sourceTree = "<group>"; };
		869FEC34217246ED00CA60FC /* BannerTableViewCell.swift */ = {isa = PBXFileReference; lastKnownFileType = sourcecode.swift; path = BannerTableViewCell.swift; sourceTree = "<group>"; };
		86AC41BB21334447002E73E5 /* Group.swift */ = {isa = PBXFileReference; lastKnownFileType = sourcecode.swift; path = Group.swift; sourceTree = "<group>"; };
		86AC41BD21334481002E73E5 /* Organizer.swift */ = {isa = PBXFileReference; lastKnownFileType = sourcecode.swift; path = Organizer.swift; sourceTree = "<group>"; };
		86AC41BF21334ACF002E73E5 /* knoxdevs.db */ = {isa = PBXFileReference; lastKnownFileType = file; path = knoxdevs.db; sourceTree = "<group>"; };
		86AC41C521334D1D002E73E5 /* SQLiteDatabase.swift */ = {isa = PBXFileReference; lastKnownFileType = sourcecode.swift; path = SQLiteDatabase.swift; sourceTree = "<group>"; };
		86F471EE2182C04700912739 /* AboutViewController.swift */ = {isa = PBXFileReference; lastKnownFileType = sourcecode.swift; path = AboutViewController.swift; sourceTree = "<group>"; };
		86FECC4E2173898900682BD0 /* OrganizerTableViewCell.swift */ = {isa = PBXFileReference; lastKnownFileType = sourcecode.swift; path = OrganizerTableViewCell.swift; sourceTree = "<group>"; };
		86FECC5021738D7300682BD0 /* OrganizerViewModel.swift */ = {isa = PBXFileReference; lastKnownFileType = sourcecode.swift; path = OrganizerViewModel.swift; sourceTree = "<group>"; };
		86FECC542173C2EC00682BD0 /* Assets.xcassets */ = {isa = PBXFileReference; lastKnownFileType = folder.assetcatalog; path = Assets.xcassets; sourceTree = "<group>"; };
/* End PBXFileReference section */

/* Begin PBXFrameworksBuildPhase section */
		867DF356212CF6A300991CB3 /* Frameworks */ = {
			isa = PBXFrameworksBuildPhase;
			buildActionMask = 2147483647;
			files = (
			);
			runOnlyForDeploymentPostprocessing = 0;
		};
/* End PBXFrameworksBuildPhase section */

/* Begin PBXGroup section */
		86076C56219D17060071E0FF /* Alternate App Icons */ = {
			isa = PBXGroup;
			children = (
				86076C5B219D17EB0071E0FF /* icon2-60pt@2x.png */,
				86076C5C219D17EB0071E0FF /* icon2-60pt@3x.png */,
				86076C66219D18C20071E0FF /* icon2-76pt@1x.png */,
				86076C65219D18C20071E0FF /* icon2-76pt@2x.png */,
				86076C69219D18E60071E0FF /* icon2-83.5pt@2x.png */,
				86076C58219D17990071E0FF /* icon1-60pt@2x.png */,
				86076C57219D17990071E0FF /* icon1-60pt@3x.png */,
				86076C5F219D18450071E0FF /* icon1-76pt@1x.png */,
				86076C60219D18450071E0FF /* icon1-76pt@2x.png */,
				86076C63219D18740071E0FF /* icon1-83.5pt@2x.png */,
			);
			path = "Alternate App Icons";
			sourceTree = "<group>";
		};
		8612EEF2216A8FE0005A3286 /* View Models */ = {
			isa = PBXGroup;
			children = (
				8612EEF3216A8FFC005A3286 /* GroupViewModel.swift */,
				866C0EA5217620ED00036649 /* LinkViewModel.swift */,
				864126E1216F060A0016BECD /* LocationViewModel.swift */,
				86FECC5021738D7300682BD0 /* OrganizerViewModel.swift */,
			);
			path = "View Models";
			sourceTree = "<group>";
		};
		867DF350212CF6A300991CB3 = {
			isa = PBXGroup;
			children = (
				867DF35B212CF6A300991CB3 /* knoxdevs */,
				867DF35A212CF6A300991CB3 /* Products */,
			);
			sourceTree = "<group>";
		};
		867DF35A212CF6A300991CB3 /* Products */ = {
			isa = PBXGroup;
			children = (
				867DF359212CF6A300991CB3 /* knoxdevs.app */,
			);
			name = Products;
			sourceTree = "<group>";
		};
		867DF35B212CF6A300991CB3 /* knoxdevs */ = {
			isa = PBXGroup;
			children = (
				867DF35C212CF6A300991CB3 /* AppDelegate.swift */,
				867DF368212CF6A300991CB3 /* Info.plist */,
				86FEFC2C2176F26C00613BCB /* Database */,
				86AC41B821334400002E73E5 /* Models */,
				8612EEF2216A8FE0005A3286 /* View Models */,
				86AC41B7213343D1002E73E5 /* View Controllers */,
				86849731216ECEC600FFA599 /* Views */,
			);
			path = knoxdevs;
			sourceTree = "<group>";
		};
		86849731216ECEC600FFA599 /* Views */ = {
			isa = PBXGroup;
			children = (
				86076C56219D17060071E0FF /* Alternate App Icons */,
				86FECC542173C2EC00682BD0 /* Assets.xcassets */,
				869FEC34217246ED00CA60FC /* BannerTableViewCell.swift */,
				8684972F216EC32600FFA599 /* LocationTableViewCell.swift */,
				86FECC4E2173898900682BD0 /* OrganizerTableViewCell.swift */,
				867DF365212CF6A300991CB3 /* LaunchScreen.storyboard */,
				867DF360212CF6A300991CB3 /* Main.storyboard */,
			);
			path = Views;
			sourceTree = "<group>";
		};
		86AC41B7213343D1002E73E5 /* View Controllers */ = {
			isa = PBXGroup;
			children = (
				86F471EE2182C04700912739 /* AboutViewController.swift */,
				8684972D216EBF1A00FFA599 /* GroupsViewController.swift */,
				867DF370212CF86C00991CB3 /* GroupViewController.swift */,
				8616DB1E21952A5E007044D8 /* SettingsViewController.swift */,
				862D44162196AE2900AF57A4 /* SplitViewController.swift */,
			);
			path = "View Controllers";
			sourceTree = "<group>";
		};
		86AC41B821334400002E73E5 /* Models */ = {
			isa = PBXGroup;
			children = (
				86AC41BB21334447002E73E5 /* Group.swift */,
				86849732216ED0DC00FFA599 /* Location.swift */,
				86AC41BD21334481002E73E5 /* Organizer.swift */,
				8616DB1C2195281B007044D8 /* Theme.swift */,
			);
			path = Models;
			sourceTree = "<group>";
		};
		86FEFC2C2176F26C00613BCB /* Database */ = {
			isa = PBXGroup;
			children = (
				86AC41C521334D1D002E73E5 /* SQLiteDatabase.swift */,
				86AC41BF21334ACF002E73E5 /* knoxdevs.db */,
			);
			path = Database;
			sourceTree = "<group>";
		};
/* End PBXGroup section */

/* Begin PBXNativeTarget section */
		867DF358212CF6A300991CB3 /* knoxdevs */ = {
			isa = PBXNativeTarget;
			buildConfigurationList = 867DF36B212CF6A300991CB3 /* Build configuration list for PBXNativeTarget "knoxdevs" */;
			buildPhases = (
				867DF355212CF6A300991CB3 /* Sources */,
				867DF356212CF6A300991CB3 /* Frameworks */,
				867DF357212CF6A300991CB3 /* Resources */,
			);
			buildRules = (
			);
			dependencies = (
			);
			name = knoxdevs;
			productName = knoxdevs;
			productReference = 867DF359212CF6A300991CB3 /* knoxdevs.app */;
			productType = "com.apple.product-type.application";
		};
/* End PBXNativeTarget section */

/* Begin PBXProject section */
		867DF351212CF6A300991CB3 /* Project object */ = {
			isa = PBXProject;
			attributes = {
				LastSwiftUpdateCheck = 1000;
				LastUpgradeCheck = 1000;
				ORGANIZATIONNAME = "Gavin Wiggins";
				TargetAttributes = {
					867DF358212CF6A300991CB3 = {
						CreatedOnToolsVersion = 10.0;
					};
				};
			};
			buildConfigurationList = 867DF354212CF6A300991CB3 /* Build configuration list for PBXProject "knoxdevs" */;
			compatibilityVersion = "Xcode 9.3";
			developmentRegion = en;
			hasScannedForEncodings = 0;
			knownRegions = (
				en,
				Base,
			);
			mainGroup = 867DF350212CF6A300991CB3;
			productRefGroup = 867DF35A212CF6A300991CB3 /* Products */;
			projectDirPath = "";
			projectRoot = "";
			targets = (
				867DF358212CF6A300991CB3 /* knoxdevs */,
			);
		};
/* End PBXProject section */

/* Begin PBXResourcesBuildPhase section */
		867DF357212CF6A300991CB3 /* Resources */ = {
			isa = PBXResourcesBuildPhase;
			buildActionMask = 2147483647;
			files = (
				867DF367212CF6A300991CB3 /* LaunchScreen.storyboard in Resources */,
				86076C5E219D17EB0071E0FF /* icon2-60pt@3x.png in Resources */,
				86076C6A219D18E60071E0FF /* icon2-83.5pt@2x.png in Resources */,
				86076C64219D18740071E0FF /* icon1-83.5pt@2x.png in Resources */,
				86076C67219D18C20071E0FF /* icon2-76pt@2x.png in Resources */,
				86AC41C021334ACF002E73E5 /* knoxdevs.db in Resources */,
				867DF362212CF6A300991CB3 /* Main.storyboard in Resources */,
				86FECC562173C2ED00682BD0 /* Assets.xcassets in Resources */,
				86076C59219D17990071E0FF /* icon1-60pt@3x.png in Resources */,
				86076C5D219D17EB0071E0FF /* icon2-60pt@2x.png in Resources */,
				86076C68219D18C20071E0FF /* icon2-76pt@1x.png in Resources */,
				86076C5A219D17990071E0FF /* icon1-60pt@2x.png in Resources */,
				86076C62219D18450071E0FF /* icon1-76pt@2x.png in Resources */,
				86076C61219D18450071E0FF /* icon1-76pt@1x.png in Resources */,
			);
			runOnlyForDeploymentPostprocessing = 0;
		};
/* End PBXResourcesBuildPhase section */

/* Begin PBXSourcesBuildPhase section */
		867DF355212CF6A300991CB3 /* Sources */ = {
			isa = PBXSourcesBuildPhase;
			buildActionMask = 2147483647;
			files = (
				869FEC35217246ED00CA60FC /* BannerTableViewCell.swift in Sources */,
				86FECC5121738D7300682BD0 /* OrganizerViewModel.swift in Sources */,
				867DF371212CF86C00991CB3 /* GroupViewController.swift in Sources */,
				86F471EF2182C04700912739 /* AboutViewController.swift in Sources */,
				8612EEF4216A8FFC005A3286 /* GroupViewModel.swift in Sources */,
				862D44172196AE2900AF57A4 /* SplitViewController.swift in Sources */,
				867DF35D212CF6A300991CB3 /* AppDelegate.swift in Sources */,
				864126E2216F060A0016BECD /* LocationViewModel.swift in Sources */,
				86849730216EC32600FFA599 /* LocationTableViewCell.swift in Sources */,
				866C0EA6217620ED00036649 /* LinkViewModel.swift in Sources */,
				8616DB1D2195281B007044D8 /* Theme.swift in Sources */,
				86849733216ED0DC00FFA599 /* Location.swift in Sources */,
				86FECC4F2173898900682BD0 /* OrganizerTableViewCell.swift in Sources */,
				8616DB1F21952A5E007044D8 /* SettingsViewController.swift in Sources */,
				86AC41C621334D1D002E73E5 /* SQLiteDatabase.swift in Sources */,
				86AC41BE21334481002E73E5 /* Organizer.swift in Sources */,
				86AC41BC21334447002E73E5 /* Group.swift in Sources */,
				8684972E216EBF1A00FFA599 /* GroupsViewController.swift in Sources */,
			);
			runOnlyForDeploymentPostprocessing = 0;
		};
/* End PBXSourcesBuildPhase section */

/* Begin PBXVariantGroup section */
		867DF360212CF6A300991CB3 /* Main.storyboard */ = {
			isa = PBXVariantGroup;
			children = (
				867DF361212CF6A300991CB3 /* Base */,
			);
			name = Main.storyboard;
			sourceTree = "<group>";
		};
		867DF365212CF6A300991CB3 /* LaunchScreen.storyboard */ = {
			isa = PBXVariantGroup;
			children = (
				867DF366212CF6A300991CB3 /* Base */,
			);
			name = LaunchScreen.storyboard;
			sourceTree = "<group>";
		};
/* End PBXVariantGroup section */

/* Begin XCBuildConfiguration section */
		867DF369212CF6A300991CB3 /* Debug */ = {
			isa = XCBuildConfiguration;
			buildSettings = {
				ALWAYS_SEARCH_USER_PATHS = NO;
				CLANG_ANALYZER_NONNULL = YES;
				CLANG_ANALYZER_NUMBER_OBJECT_CONVERSION = YES_AGGRESSIVE;
				CLANG_CXX_LANGUAGE_STANDARD = "gnu++14";
				CLANG_CXX_LIBRARY = "libc++";
				CLANG_ENABLE_MODULES = YES;
				CLANG_ENABLE_OBJC_ARC = YES;
				CLANG_ENABLE_OBJC_WEAK = YES;
				CLANG_WARN_BLOCK_CAPTURE_AUTORELEASING = YES;
				CLANG_WARN_BOOL_CONVERSION = YES;
				CLANG_WARN_COMMA = YES;
				CLANG_WARN_CONSTANT_CONVERSION = YES;
				CLANG_WARN_DEPRECATED_OBJC_IMPLEMENTATIONS = YES;
				CLANG_WARN_DIRECT_OBJC_ISA_USAGE = YES_ERROR;
				CLANG_WARN_DOCUMENTATION_COMMENTS = YES;
				CLANG_WARN_EMPTY_BODY = YES;
				CLANG_WARN_ENUM_CONVERSION = YES;
				CLANG_WARN_INFINITE_RECURSION = YES;
				CLANG_WARN_INT_CONVERSION = YES;
				CLANG_WARN_NON_LITERAL_NULL_CONVERSION = YES;
				CLANG_WARN_OBJC_IMPLICIT_RETAIN_SELF = YES;
				CLANG_WARN_OBJC_LITERAL_CONVERSION = YES;
				CLANG_WARN_OBJC_ROOT_CLASS = YES_ERROR;
				CLANG_WARN_RANGE_LOOP_ANALYSIS = YES;
				CLANG_WARN_STRICT_PROTOTYPES = YES;
				CLANG_WARN_SUSPICIOUS_MOVE = YES;
				CLANG_WARN_UNGUARDED_AVAILABILITY = YES_AGGRESSIVE;
				CLANG_WARN_UNREACHABLE_CODE = YES;
				CLANG_WARN__DUPLICATE_METHOD_MATCH = YES;
				CODE_SIGN_IDENTITY = "iPhone Developer";
				COPY_PHASE_STRIP = NO;
				DEBUG_INFORMATION_FORMAT = dwarf;
				ENABLE_STRICT_OBJC_MSGSEND = YES;
				ENABLE_TESTABILITY = YES;
				GCC_C_LANGUAGE_STANDARD = gnu11;
				GCC_DYNAMIC_NO_PIC = NO;
				GCC_NO_COMMON_BLOCKS = YES;
				GCC_OPTIMIZATION_LEVEL = 0;
				GCC_PREPROCESSOR_DEFINITIONS = (
					"DEBUG=1",
					"$(inherited)",
				);
				GCC_WARN_64_TO_32_BIT_CONVERSION = YES;
				GCC_WARN_ABOUT_RETURN_TYPE = YES_ERROR;
				GCC_WARN_UNDECLARED_SELECTOR = YES;
				GCC_WARN_UNINITIALIZED_AUTOS = YES_AGGRESSIVE;
				GCC_WARN_UNUSED_FUNCTION = YES;
				GCC_WARN_UNUSED_VARIABLE = YES;
				IPHONEOS_DEPLOYMENT_TARGET = 12.0;
				MTL_ENABLE_DEBUG_INFO = INCLUDE_SOURCE;
				MTL_FAST_MATH = YES;
				ONLY_ACTIVE_ARCH = YES;
				SDKROOT = iphoneos;
				SWIFT_ACTIVE_COMPILATION_CONDITIONS = DEBUG;
				SWIFT_OPTIMIZATION_LEVEL = "-Onone";
			};
			name = Debug;
		};
		867DF36A212CF6A300991CB3 /* Release */ = {
			isa = XCBuildConfiguration;
			buildSettings = {
				ALWAYS_SEARCH_USER_PATHS = NO;
				CLANG_ANALYZER_NONNULL = YES;
				CLANG_ANALYZER_NUMBER_OBJECT_CONVERSION = YES_AGGRESSIVE;
				CLANG_CXX_LANGUAGE_STANDARD = "gnu++14";
				CLANG_CXX_LIBRARY = "libc++";
				CLANG_ENABLE_MODULES = YES;
				CLANG_ENABLE_OBJC_ARC = YES;
				CLANG_ENABLE_OBJC_WEAK = YES;
				CLANG_WARN_BLOCK_CAPTURE_AUTORELEASING = YES;
				CLANG_WARN_BOOL_CONVERSION = YES;
				CLANG_WARN_COMMA = YES;
				CLANG_WARN_CONSTANT_CONVERSION = YES;
				CLANG_WARN_DEPRECATED_OBJC_IMPLEMENTATIONS = YES;
				CLANG_WARN_DIRECT_OBJC_ISA_USAGE = YES_ERROR;
				CLANG_WARN_DOCUMENTATION_COMMENTS = YES;
				CLANG_WARN_EMPTY_BODY = YES;
				CLANG_WARN_ENUM_CONVERSION = YES;
				CLANG_WARN_INFINITE_RECURSION = YES;
				CLANG_WARN_INT_CONVERSION = YES;
				CLANG_WARN_NON_LITERAL_NULL_CONVERSION = YES;
				CLANG_WARN_OBJC_IMPLICIT_RETAIN_SELF = YES;
				CLANG_WARN_OBJC_LITERAL_CONVERSION = YES;
				CLANG_WARN_OBJC_ROOT_CLASS = YES_ERROR;
				CLANG_WARN_RANGE_LOOP_ANALYSIS = YES;
				CLANG_WARN_STRICT_PROTOTYPES = YES;
				CLANG_WARN_SUSPICIOUS_MOVE = YES;
				CLANG_WARN_UNGUARDED_AVAILABILITY = YES_AGGRESSIVE;
				CLANG_WARN_UNREACHABLE_CODE = YES;
				CLANG_WARN__DUPLICATE_METHOD_MATCH = YES;
				CODE_SIGN_IDENTITY = "iPhone Developer";
				COPY_PHASE_STRIP = NO;
				DEBUG_INFORMATION_FORMAT = "dwarf-with-dsym";
				ENABLE_NS_ASSERTIONS = NO;
				ENABLE_STRICT_OBJC_MSGSEND = YES;
				GCC_C_LANGUAGE_STANDARD = gnu11;
				GCC_NO_COMMON_BLOCKS = YES;
				GCC_WARN_64_TO_32_BIT_CONVERSION = YES;
				GCC_WARN_ABOUT_RETURN_TYPE = YES_ERROR;
				GCC_WARN_UNDECLARED_SELECTOR = YES;
				GCC_WARN_UNINITIALIZED_AUTOS = YES_AGGRESSIVE;
				GCC_WARN_UNUSED_FUNCTION = YES;
				GCC_WARN_UNUSED_VARIABLE = YES;
				IPHONEOS_DEPLOYMENT_TARGET = 12.0;
				MTL_ENABLE_DEBUG_INFO = NO;
				MTL_FAST_MATH = YES;
				SDKROOT = iphoneos;
				SWIFT_COMPILATION_MODE = wholemodule;
				SWIFT_OPTIMIZATION_LEVEL = "-O";
				VALIDATE_PRODUCT = YES;
			};
			name = Release;
		};
		867DF36C212CF6A300991CB3 /* Debug */ = {
			isa = XCBuildConfiguration;
			buildSettings = {
				ASSETCATALOG_COMPILER_APPICON_NAME = AppIcon;
				CODE_SIGN_STYLE = Automatic;
				DEVELOPMENT_TEAM = PKEK7KD66W;
				INFOPLIST_FILE = knoxdevs/Info.plist;
				LD_RUNPATH_SEARCH_PATHS = (
					"$(inherited)",
					"@executable_path/Frameworks",
				);
				PRODUCT_BUNDLE_IDENTIFIER = gavin.knoxdevs;
				PRODUCT_NAME = "$(TARGET_NAME)";
				SWIFT_VERSION = 4.2;
				TARGETED_DEVICE_FAMILY = "1,2";
			};
			name = Debug;
		};
		867DF36D212CF6A300991CB3 /* Release */ = {
			isa = XCBuildConfiguration;
			buildSettings = {
				ASSETCATALOG_COMPILER_APPICON_NAME = AppIcon;
				CODE_SIGN_STYLE = Automatic;
				DEVELOPMENT_TEAM = PKEK7KD66W;
				INFOPLIST_FILE = knoxdevs/Info.plist;
				LD_RUNPATH_SEARCH_PATHS = (
					"$(inherited)",
					"@executable_path/Frameworks",
				);
				PRODUCT_BUNDLE_IDENTIFIER = gavin.knoxdevs;
				PRODUCT_NAME = "$(TARGET_NAME)";
				SWIFT_VERSION = 4.2;
				TARGETED_DEVICE_FAMILY = "1,2";
			};
			name = Release;
		};
/* End XCBuildConfiguration section */

/* Begin XCConfigurationList section */
		867DF354212CF6A300991CB3 /* Build configuration list for PBXProject "knoxdevs" */ = {
			isa = XCConfigurationList;
			buildConfigurations = (
				867DF369212CF6A300991CB3 /* Debug */,
				867DF36A212CF6A300991CB3 /* Release */,
			);
			defaultConfigurationIsVisible = 0;
			defaultConfigurationName = Release;
		};
		867DF36B212CF6A300991CB3 /* Build configuration list for PBXNativeTarget "knoxdevs" */ = {
			isa = XCConfigurationList;
			buildConfigurations = (
				867DF36C212CF6A300991CB3 /* Debug */,
				867DF36D212CF6A300991CB3 /* Release */,
			);
			defaultConfigurationIsVisible = 0;
			defaultConfigurationName = Release;
		};
/* End XCConfigurationList section */
	};
	rootObject = 867DF351212CF6A300991CB3 /* Project object */;
}
